
Microsoft Visual Studio Solution File, Format Version 12.00
# Visual Studio Version 17
VisualStudioVersion = 17.12.35521.163
MinimumVisualStudioVersion = 10.0.40219.1
Project("{FAE04EC0-301F-11D3-BF4B-00C04F79EFBC}") = "Microservice01", "src\Microservice01\Microservice01.csproj", "{79899CF2-356B-407F-A0A1-EE4D719E5DD6}"
EndProject
Project("{FAE04EC0-301F-11D3-BF4B-00C04F79EFBC}") = "Microservice02", "src\Microservice02\Microservice02.csproj", "{375E5E3B-BB70-46DB-A6BB-43C7D6A23069}"
EndProject
Project("{FAE04EC0-301F-11D3-BF4B-00C04F79EFBC}") = "MicroserviceAuth", "src\MicroserviceAuth\MicroserviceAuth.csproj", "{5A548CC8-CD4D-4296-B318-983E08FA4308}"
EndProject
Project("{FAE04EC0-301F-11D3-BF4B-00C04F79EFBC}") = "Shared", "src\Shared\Shared.csproj", "{A9609B0C-CD67-43EF-8C88-1D14BE9F8FA3}"
EndProject
Project("{2150E333-8FDC-42A3-9474-1A3956D46DE8}") = "Solution Items", "Solution Items", "{37AAC9C5-EEFB-4ABA-8004-3E6B71D9B346}"
	ProjectSection(SolutionItems) = preProject
		.editorconfig = .editorconfig
		.gitignore = .gitignore
		README.md = README.md
	EndProjectSection
EndProject
Global
	GlobalSection(SolutionConfigurationPlatforms) = preSolution
		Debug|Any CPU = Debug|Any CPU
		Release|Any CPU = Release|Any CPU
	EndGlobalSection
	GlobalSection(ProjectConfigurationPlatforms) = postSolution
		{79899CF2-356B-407F-A0A1-EE4D719E5DD6}.Debug|Any CPU.ActiveCfg = Debug|Any CPU
		{79899CF2-356B-407F-A0A1-EE4D719E5DD6}.Debug|Any CPU.Build.0 = Debug|Any CPU
		{79899CF2-356B-407F-A0A1-EE4D719E5DD6}.Release|Any CPU.ActiveCfg = Release|Any CPU
		{79899CF2-356B-407F-A0A1-EE4D719E5DD6}.Release|Any CPU.Build.0 = Release|Any CPU
		{375E5E3B-BB70-46DB-A6BB-43C7D6A23069}.Debug|Any CPU.ActiveCfg = Debug|Any CPU
		{375E5E3B-BB70-46DB-A6BB-43C7D6A23069}.Debug|Any CPU.Build.0 = Debug|Any CPU
		{375E5E3B-BB70-46DB-A6BB-43C7D6A23069}.Release|Any CPU.ActiveCfg = Release|Any CPU
		{375E5E3B-BB70-46DB-A6BB-43C7D6A23069}.Release|Any CPU.Build.0 = Release|Any CPU
		{5A548CC8-CD4D-4296-B318-983E08FA4308}.Debug|Any CPU.ActiveCfg = Debug|Any CPU
		{5A548CC8-CD4D-4296-B318-983E08FA4308}.Debug|Any CPU.Build.0 = Debug|Any CPU
		{5A548CC8-CD4D-4296-B318-983E08FA4308}.Release|Any CPU.ActiveCfg = Release|Any CPU
		{5A548CC8-CD4D-4296-B318-983E08FA4308}.Release|Any CPU.Build.0 = Release|Any CPU
		{A9609B0C-CD67-43EF-8C88-1D14BE9F8FA3}.Debug|Any CPU.ActiveCfg = Debug|Any CPU
		{A9609B0C-CD67-43EF-8C88-1D14BE9F8FA3}.Debug|Any CPU.Build.0 = Debug|Any CPU
		{A9609B0C-CD67-43EF-8C88-1D14BE9F8FA3}.Release|Any CPU.ActiveCfg = Release|Any CPU
		{A9609B0C-CD67-43EF-8C88-1D14BE9F8FA3}.Release|Any CPU.Build.0 = Release|Any CPU
	EndGlobalSection
	GlobalSection(SolutionProperties) = preSolution
		HideSolutionNode = FALSE
	EndGlobalSection
EndGlobal
